appdirs==1.4.0
blinker==1.4
certifi==2017.1.23
click==6.7
contextlib2==0.5.4
Flask==0.12
Flask-JSON==0.3.0
hiredis==0.2.0
itsdangerous==0.24
Jinja2==2.9.5
MarkupSafe==0.23
minio==2.1.0
packaging==16.8
pluggy==0.4.0
py==1.4.33
PyJWT==1.4.2
pyparsing==2.1.10
pytest==3.0.7
pytz==2016.10
PyYAML==3.12
raven==6.0.0
redis==2.10.5
six==1.10.0
tox==2.7.0
urllib3==1.20
uWSGI==2.0.14
virtualenv==15.1.0
Werkzeug==0.11.15
